
Microsoft Visual Studio Solution File, Format Version 12.00
# Visual Studio 15
VisualStudioVersion = 15.0.26730.12
MinimumVisualStudioVersion = 10.0.40219.1
Project("{FAE04EC0-301F-11D3-BF4B-00C04F79EFBC}") = "CS5331.FALL17.HW1.TwitterCrawler.Console", "CS5331.FALL17.HW1.TwitterCrawler.Console\CS5331.FALL17.HW1.TwitterCrawler.Console.csproj", "{3458897D-7FDB-466A-A74B-A8C216CCC9AB}"
EndProject
Project("{FAE04EC0-301F-11D3-BF4B-00C04F79EFBC}") = "Twitter.Crawler", "Twitter.Crawler\Twitter.Crawler.csproj", "{DEE63622-4D94-4176-9E75-EB6CF891F408}"
EndProject
Global
	GlobalSection(SolutionConfigurationPlatforms) = preSolution
		Debug|Any CPU = Debug|Any CPU
		Release|Any CPU = Release|Any CPU
	EndGlobalSection
	GlobalSection(ProjectConfigurationPlatforms) = postSolution
		{3458897D-7FDB-466A-A74B-A8C216CCC9AB}.Debug|Any CPU.ActiveCfg = Debug|Any CPU
		{3458897D-7FDB-466A-A74B-A8C216CCC9AB}.Debug|Any CPU.Build.0 = Debug|Any CPU
		{3458897D-7FDB-466A-A74B-A8C216CCC9AB}.Release|Any CPU.ActiveCfg = Release|Any CPU
		{3458897D-7FDB-466A-A74B-A8C216CCC9AB}.Release|Any CPU.Build.0 = Release|Any CPU
		{DEE63622-4D94-4176-9E75-EB6CF891F408}.Debug|Any CPU.ActiveCfg = Debug|Any CPU
		{DEE63622-4D94-4176-9E75-EB6CF891F408}.Debug|Any CPU.Build.0 = Debug|Any CPU
		{DEE63622-4D94-4176-9E75-EB6CF891F408}.Release|Any CPU.ActiveCfg = Release|Any CPU
		{DEE63622-4D94-4176-9E75-EB6CF891F408}.Release|Any CPU.Build.0 = Release|Any CPU
	EndGlobalSection
	GlobalSection(SolutionProperties) = preSolution
		HideSolutionNode = FALSE
	EndGlobalSection
	GlobalSection(ExtensibilityGlobals) = postSolution
		SolutionGuid = {4EB8F3D8-1355-4EA2-BE5D-AD6912491C80}
	EndGlobalSection
EndGlobal
